
Microsoft Visual Studio Solution File, Format Version 12.00
# Visual Studio Version 16
VisualStudioVersion = 16.0.30011.22
MinimumVisualStudioVersion = 10.0.40219.1
Project("{9A19103F-16F7-4668-BE54-9A1E7A4F7556}") = "SellNumber.Test", "SellNumber.Test\SellNumber.Test.csproj", "{60B1FF3B-AEE2-4359-BE01-267202413B17}"
EndProject
Project("{9A19103F-16F7-4668-BE54-9A1E7A4F7556}") = "SellNumber", "SellNumber\SellNumber.csproj", "{230AD761-B940-4A0B-A5B8-9A136AD7BEEE}"
EndProject
Global
	GlobalSection(SolutionConfigurationPlatforms) = preSolution
		Debug|Any CPU = Debug|Any CPU
		Release|Any CPU = Release|Any CPU
	EndGlobalSection
	GlobalSection(ProjectConfigurationPlatforms) = postSolution
		{60B1FF3B-AEE2-4359-BE01-267202413B17}.Debug|Any CPU.ActiveCfg = Debug|Any CPU
		{60B1FF3B-AEE2-4359-BE01-267202413B17}.Debug|Any CPU.Build.0 = Debug|Any CPU
		{60B1FF3B-AEE2-4359-BE01-267202413B17}.Release|Any CPU.ActiveCfg = Release|Any CPU
		{60B1FF3B-AEE2-4359-BE01-267202413B17}.Release|Any CPU.Build.0 = Release|Any CPU
		{230AD761-B940-4A0B-A5B8-9A136AD7BEEE}.Debug|Any CPU.ActiveCfg = Debug|Any CPU
		{230AD761-B940-4A0B-A5B8-9A136AD7BEEE}.Debug|Any CPU.Build.0 = Debug|Any CPU
		{230AD761-B940-4A0B-A5B8-9A136AD7BEEE}.Release|Any CPU.ActiveCfg = Release|Any CPU
		{230AD761-B940-4A0B-A5B8-9A136AD7BEEE}.Release|Any CPU.Build.0 = Release|Any CPU
	EndGlobalSection
	GlobalSection(SolutionProperties) = preSolution
		HideSolutionNode = FALSE
	EndGlobalSection
	GlobalSection(ExtensibilityGlobals) = postSolution
		SolutionGuid = {3076F23E-BF7D-453E-81DB-383E0EE7D8D0}
	EndGlobalSection
EndGlobal
